
Microsoft Visual Studio Solution File, Format Version 12.00
# Visual Studio Version 17
VisualStudioVersion = 17.4.33213.308
MinimumVisualStudioVersion = 10.0.40219.1
Project("{9A19103F-16F7-4668-BE54-9A1E7A4F7556}") = "Sheenman.Api", "Sheenman.Api\Sheenman.Api.csproj", "{1839B7A9-38C5-4954-A670-BE2F71EC18D9}"
EndProject
Project("{FAE04EC0-301F-11D3-BF4B-00C04F79EFBC}") = "Sheenmanapi.Test.Unit", "Sheenmanapi.Test.Unit\Sheenmanapi.Test.Unit.csproj", "{895089F7-8AA3-4DE2-898F-C56F28C65F82}"
EndProject
Global
	GlobalSection(SolutionConfigurationPlatforms) = preSolution
		Debug|Any CPU = Debug|Any CPU
		Release|Any CPU = Release|Any CPU
	EndGlobalSection
	GlobalSection(ProjectConfigurationPlatforms) = postSolution
		{1839B7A9-38C5-4954-A670-BE2F71EC18D9}.Debug|Any CPU.ActiveCfg = Debug|Any CPU
		{1839B7A9-38C5-4954-A670-BE2F71EC18D9}.Debug|Any CPU.Build.0 = Debug|Any CPU
		{1839B7A9-38C5-4954-A670-BE2F71EC18D9}.Release|Any CPU.ActiveCfg = Release|Any CPU
		{1839B7A9-38C5-4954-A670-BE2F71EC18D9}.Release|Any CPU.Build.0 = Release|Any CPU
		{895089F7-8AA3-4DE2-898F-C56F28C65F82}.Debug|Any CPU.ActiveCfg = Debug|Any CPU
		{895089F7-8AA3-4DE2-898F-C56F28C65F82}.Debug|Any CPU.Build.0 = Debug|Any CPU
		{895089F7-8AA3-4DE2-898F-C56F28C65F82}.Release|Any CPU.ActiveCfg = Release|Any CPU
		{895089F7-8AA3-4DE2-898F-C56F28C65F82}.Release|Any CPU.Build.0 = Release|Any CPU
	EndGlobalSection
	GlobalSection(SolutionProperties) = preSolution
		HideSolutionNode = FALSE
	EndGlobalSection
	GlobalSection(ExtensibilityGlobals) = postSolution
		SolutionGuid = {FD225627-F915-4056-AE8A-24F4E26908A3}
	EndGlobalSection
EndGlobal
